
Microsoft Visual Studio Solution File, Format Version 12.00
# Visual Studio 2012
Project("{D954291E-2A0B-460D-934E-DC6B0785DB48}") = "FormsCustom", "FormsCustom\FormsCustom.shproj", "{35F5C71A-9DE3-4FAA-9A0D-27A5F003F77A}"
EndProject
Project("{FAE04EC0-301F-11D3-BF4B-00C04F79EFBC}") = "FormsCustom.iOS", "iOS\FormsCustom.iOS.csproj", "{12931796-E35E-4FA7-8C21-F603937D6D1D}"
EndProject
Project("{FAE04EC0-301F-11D3-BF4B-00C04F79EFBC}") = "FormsCustom.Droid", "Droid\FormsCustom.Droid.csproj", "{4583E7DF-6404-4365-9774-A47262A77A20}"
EndProject
Global
	GlobalSection(SolutionConfigurationPlatforms) = preSolution
		Debug|iPhoneSimulator = Debug|iPhoneSimulator
		Release|iPhone = Release|iPhone
		Release|iPhoneSimulator = Release|iPhoneSimulator
		Debug|iPhone = Debug|iPhone
		Debug|Any CPU = Debug|Any CPU
		Release|Any CPU = Release|Any CPU
	EndGlobalSection
	GlobalSection(ProjectConfigurationPlatforms) = postSolution
		{12931796-E35E-4FA7-8C21-F603937D6D1D}.Debug|iPhoneSimulator.ActiveCfg = Debug|iPhoneSimulator
		{12931796-E35E-4FA7-8C21-F603937D6D1D}.Debug|iPhoneSimulator.Build.0 = Debug|iPhoneSimulator
		{12931796-E35E-4FA7-8C21-F603937D6D1D}.Release|iPhone.ActiveCfg = Release|iPhone
		{12931796-E35E-4FA7-8C21-F603937D6D1D}.Release|iPhone.Build.0 = Release|iPhone
		{12931796-E35E-4FA7-8C21-F603937D6D1D}.Release|iPhoneSimulator.ActiveCfg = Release|iPhoneSimulator
		{12931796-E35E-4FA7-8C21-F603937D6D1D}.Release|iPhoneSimulator.Build.0 = Release|iPhoneSimulator
		{12931796-E35E-4FA7-8C21-F603937D6D1D}.Debug|iPhone.ActiveCfg = Debug|iPhone
		{12931796-E35E-4FA7-8C21-F603937D6D1D}.Debug|iPhone.Build.0 = Debug|iPhone
		{12931796-E35E-4FA7-8C21-F603937D6D1D}.Debug|Any CPU.ActiveCfg = Debug|iPhoneSimulator
		{12931796-E35E-4FA7-8C21-F603937D6D1D}.Debug|Any CPU.Build.0 = Debug|iPhoneSimulator
		{12931796-E35E-4FA7-8C21-F603937D6D1D}.Release|Any CPU.ActiveCfg = Release|iPhone
		{12931796-E35E-4FA7-8C21-F603937D6D1D}.Release|Any CPU.Build.0 = Release|iPhone
		{4583E7DF-6404-4365-9774-A47262A77A20}.Debug|iPhoneSimulator.ActiveCfg = Debug|Any CPU
		{4583E7DF-6404-4365-9774-A47262A77A20}.Debug|iPhoneSimulator.Build.0 = Debug|Any CPU
		{4583E7DF-6404-4365-9774-A47262A77A20}.Release|iPhone.ActiveCfg = Release|Any CPU
		{4583E7DF-6404-4365-9774-A47262A77A20}.Release|iPhone.Build.0 = Release|Any CPU
		{4583E7DF-6404-4365-9774-A47262A77A20}.Release|iPhoneSimulator.ActiveCfg = Release|Any CPU
		{4583E7DF-6404-4365-9774-A47262A77A20}.Release|iPhoneSimulator.Build.0 = Release|Any CPU
		{4583E7DF-6404-4365-9774-A47262A77A20}.Debug|iPhone.ActiveCfg = Debug|Any CPU
		{4583E7DF-6404-4365-9774-A47262A77A20}.Debug|iPhone.Build.0 = Debug|Any CPU
		{4583E7DF-6404-4365-9774-A47262A77A20}.Debug|Any CPU.ActiveCfg = Debug|Any CPU
		{4583E7DF-6404-4365-9774-A47262A77A20}.Debug|Any CPU.Build.0 = Debug|Any CPU
		{4583E7DF-6404-4365-9774-A47262A77A20}.Release|Any CPU.ActiveCfg = Release|Any CPU
		{4583E7DF-6404-4365-9774-A47262A77A20}.Release|Any CPU.Build.0 = Release|Any CPU
	EndGlobalSection
EndGlobal
